{
  "name": "zigma_portfolio.github.io",
  "version": "1.0.0",
  "lockfileVersion": 3,
  "requires": true,
  "packages": {
    "": {
      "name": "zigma_portfolio.github.io",
      "version": "1.0.0",
      "license": "ISC",
      "dependencies": {
        "vivus": "^0.4.6"
      }
    },
    "node_modules/vivus": {
      "version": "0.4.6",
      "resolved": "https://registry.npmjs.org/vivus/-/vivus-0.4.6.tgz",
      "integrity": "sha512-q6cDPTGqw/bq9sKF2h2T6GJ9PlwAFncHq7MdaK95WTSyd/7gz//UHTZbJ3B+r8f7AhcISPTC3sv9+u65BmmFbw=="
    }
  }
}
